// !$*UTF8*$!
{
	archiveVersion = 1;
	classes = {
	};
	objectVersion = 46;
	objects = {

/* Begin PBXBuildFile section */
		D758D39D1D8FD9F300A032C4 /* Test.m in Sources */ = {isa = PBXBuildFile; fileRef = D758D39C1D8FD9F300A032C4 /* Test.m */; };
		F6D9D8991D82F85E00A63901 /* main.m in Sources */ = {isa = PBXBuildFile; fileRef = F6D9D8981D82F85E00A63901 /* main.m */; };
		F6D9D89C1D82F85E00A63901 /* AppDelegate.m in Sources */ = {isa = PBXBuildFile; fileRef = F6D9D89B1D82F85E00A63901 /* AppDelegate.m */; };
		F6D9D89F1D82F85E00A63901 /* ViewController.m in Sources */ = {isa = PBXBuildFile; fileRef = F6D9D89E1D82F85E00A63901 /* ViewController.m */; };
		F6D9D8A21D82F85E00A63901 /* Main.storyboard in Resources */ = {isa = PBXBuildFile; fileRef = F6D9D8A01D82F85E00A63901 /* Main.storyboard */; };
		F6D9D8A41D82F85E00A63901 /* Assets.xcassets in Resources */ = {isa = PBXBuildFile; fileRef = F6D9D8A31D82F85E00A63901 /* Assets.xcassets */; };
		F6D9D8A71D82F85E00A63901 /* LaunchScreen.storyboard in Resources */ = {isa = PBXBuildFile; fileRef = F6D9D8A51D82F85E00A63901 /* LaunchScreen.storyboard */; };
		F6D9D8C01D82F89C00A63901 /* JKDBHelper.m in Sources */ = {isa = PBXBuildFile; fileRef = F6D9D8B11D82F89C00A63901 /* JKDBHelper.m */; };
		F6D9D8C11D82F89C00A63901 /* JKDBModel.m in Sources */ = {isa = PBXBuildFile; fileRef = F6D9D8B31D82F89C00A63901 /* JKDBModel.m */; };
		F6D9D8C21D82F89C00A63901 /* FMDatabase.m in Sources */ = {isa = PBXBuildFile; fileRef = F6D9D8B61D82F89C00A63901 /* FMDatabase.m */; };
		F6D9D8C31D82F89C00A63901 /* FMDatabaseAdditions.m in Sources */ = {isa = PBXBuildFile; fileRef = F6D9D8B81D82F89C00A63901 /* FMDatabaseAdditions.m */; };
		F6D9D8C41D82F89C00A63901 /* FMDatabasePool.m in Sources */ = {isa = PBXBuildFile; fileRef = F6D9D8BA1D82F89C00A63901 /* FMDatabasePool.m */; };
		F6D9D8C51D82F89C00A63901 /* FMDatabaseQueue.m in Sources */ = {isa = PBXBuildFile; fileRef = F6D9D8BC1D82F89C00A63901 /* FMDatabaseQueue.m */; };
		F6D9D8C61D82F89C00A63901 /* FMResultSet.m in Sources */ = {isa = PBXBuildFile; fileRef = F6D9D8BF1D82F89C00A63901 /* FMResultSet.m */; };
		F6D9D8C81D82F8AE00A63901 /* libsqlite3.0.tbd in Frameworks */ = {isa = PBXBuildFile; fileRef = F6D9D8C71D82F8AE00A63901 /* libsqlite3.0.tbd */; };
		F6D9D8CB1D82F8C700A63901 /* ItemList.m in Sources */ = {isa = PBXBuildFile; fileRef = F6D9D8CA1D82F8C700A63901 /* ItemList.m */; };
/* End PBXBuildFile section */

/* Begin PBXFileReference section */
		D758D39B1D8FD9F300A032C4 /* Test.h */ = {isa = PBXFileReference; fileEncoding = 4; lastKnownFileType = sourcecode.c.h; path = Test.h; sourceTree = "<group>"; };
		D758D39C1D8FD9F300A032C4 /* Test.m */ = {isa = PBXFileReference; fileEncoding = 4; lastKnownFileType = sourcecode.c.objc; path = Test.m; sourceTree = "<group>"; };
		F6D9D8941D82F85E00A63901 /* JWebTest.app */ = {isa = PBXFileReference; explicitFileType = wrapper.application; includeInIndex = 0; path = JWebTest.app; sourceTree = BUILT_PRODUCTS_DIR; };
		F6D9D8981D82F85E00A63901 /* main.m */ = {isa = PBXFileReference; lastKnownFileType = sourcecode.c.objc; path = main.m; sourceTree = "<group>"; };
		F6D9D89A1D82F85E00A63901 /* AppDelegate.h */ = {isa = PBXFileReference; lastKnownFileType = sourcecode.c.h; path = AppDelegate.h; sourceTree = "<group>"; };
		F6D9D89B1D82F85E00A63901 /* AppDelegate.m */ = {isa = PBXFileReference; lastKnownFileType = sourcecode.c.objc; path = AppDelegate.m; sourceTree = "<group>"; };
		F6D9D89D1D82F85E00A63901 /* ViewController.h */ = {isa = PBXFileReference; lastKnownFileType = sourcecode.c.h; path = ViewController.h; sourceTree = "<group>"; };
		F6D9D89E1D82F85E00A63901 /* ViewController.m */ = {isa = PBXFileReference; lastKnownFileType = sourcecode.c.objc; path = ViewController.m; sourceTree = "<group>"; };
		F6D9D8A11D82F85E00A63901 /* Base */ = {isa = PBXFileReference; lastKnownFileType = file.storyboard; name = Base; path = Base.lproj/Main.storyboard; sourceTree = "<group>"; };
		F6D9D8A31D82F85E00A63901 /* Assets.xcassets */ = {isa = PBXFileReference; lastKnownFileType = folder.assetcatalog; path = Assets.xcassets; sourceTree = "<group>"; };
		F6D9D8A61D82F85E00A63901 /* Base */ = {isa = PBXFileReference; lastKnownFileType = file.storyboard; name = Base; path = Base.lproj/LaunchScreen.storyboard; sourceTree = "<group>"; };
		F6D9D8A81D82F85E00A63901 /* Info.plist */ = {isa = PBXFileReference; lastKnownFileType = text.plist.xml; path = Info.plist; sourceTree = "<group>"; };
		F6D9D8B01D82F89C00A63901 /* JKDBHelper.h */ = {isa = PBXFileReference; fileEncoding = 4; lastKnownFileType = sourcecode.c.h; path = JKDBHelper.h; sourceTree = "<group>"; };
		F6D9D8B11D82F89C00A63901 /* JKDBHelper.m */ = {isa = PBXFileReference; fileEncoding = 4; lastKnownFileType = sourcecode.c.objc; path = JKDBHelper.m; sourceTree = "<group>"; };
		F6D9D8B21D82F89C00A63901 /* JKDBModel.h */ = {isa = PBXFileReference; fileEncoding = 4; lastKnownFileType = sourcecode.c.h; path = JKDBModel.h; sourceTree = "<group>"; };
		F6D9D8B31D82F89C00A63901 /* JKDBModel.m */ = {isa = PBXFileReference; fileEncoding = 4; lastKnownFileType = sourcecode.c.objc; path = JKDBModel.m; sourceTree = "<group>"; };
		F6D9D8B51D82F89C00A63901 /* FMDatabase.h */ = {isa = PBXFileReference; fileEncoding = 4; lastKnownFileType = sourcecode.c.h; path = FMDatabase.h; sourceTree = "<group>"; };
		F6D9D8B61D82F89C00A63901 /* FMDatabase.m */ = {isa = PBXFileReference; fileEncoding = 4; lastKnownFileType = sourcecode.c.objc; path = FMDatabase.m; sourceTree = "<group>"; };
		F6D9D8B71D82F89C00A63901 /* FMDatabaseAdditions.h */ = {isa = PBXFileReference; fileEncoding = 4; lastKnownFileType = sourcecode.c.h; path = FMDatabaseAdditions.h; sourceTree = "<group>"; };
		F6D9D8B81D82F89C00A63901 /* FMDatabaseAdditions.m */ = {isa = PBXFileReference; fileEncoding = 4; lastKnownFileType = sourcecode.c.objc; path = FMDatabaseAdditions.m; sourceTree = "<group>"; };
		F6D9D8B91D82F89C00A63901 /* FMDatabasePool.h */ = {isa = PBXFileReference; fileEncoding = 4; lastKnownFileType = sourcecode.c.h; path = FMDatabasePool.h; sourceTree = "<group>"; };
		F6D9D8BA1D82F89C00A63901 /* FMDatabasePool.m */ = {isa = PBXFileReference; fileEncoding = 4; lastKnownFileType = sourcecode.c.objc; path = FMDatabasePool.m; sourceTree = "<group>"; };
		F6D9D8BB1D82F89C00A63901 /* FMDatabaseQueue.h */ = {isa = PBXFileReference; fileEncoding = 4; lastKnownFileType = sourcecode.c.h; path = FMDatabaseQueue.h; sourceTree = "<group>"; };
		F6D9D8BC1D82F89C00A63901 /* FMDatabaseQueue.m */ = {isa = PBXFileReference; fileEncoding = 4; lastKnownFileType = sourcecode.c.objc; path = FMDatabaseQueue.m; sourceTree = "<group>"; };
		F6D9D8BD1D82F89C00A63901 /* FMDB.h */ = {isa = PBXFileReference; fileEncoding = 4; lastKnownFileType = sourcecode.c.h; path = FMDB.h; sourceTree = "<group>"; };
		F6D9D8BE1D82F89C00A63901 /* FMResultSet.h */ = {isa = PBXFileReference; fileEncoding = 4; lastKnownFileType = sourcecode.c.h; path = FMResultSet.h; sourceTree = "<group>"; };
		F6D9D8BF1D82F89C00A63901 /* FMResultSet.m */ = {isa = PBXFileReference; fileEncoding = 4; lastKnownFileType = sourcecode.c.objc; path = FMResultSet.m; sourceTree = "<group>"; };
		F6D9D8C71D82F8AE00A63901 /* libsqlite3.0.tbd */ = {isa = PBXFileReference; lastKnownFileType = "sourcecode.text-based-dylib-definition"; name = libsqlite3.0.tbd; path = usr/lib/libsqlite3.0.tbd; sourceTree = SDKROOT; };
		F6D9D8C91D82F8C700A63901 /* ItemList.h */ = {isa = PBXFileReference; fileEncoding = 4; lastKnownFileType = sourcecode.c.h; path = ItemList.h; sourceTree = "<group>"; };
		F6D9D8CA1D82F8C700A63901 /* ItemList.m */ = {isa = PBXFileReference; fileEncoding = 4; lastKnownFileType = sourcecode.c.objc; path = ItemList.m; sourceTree = "<group>"; };
/* End PBXFileReference section */

/* Begin PBXFrameworksBuildPhase section */
		F6D9D8911D82F85E00A63901 /* Frameworks */ = {
			isa = PBXFrameworksBuildPhase;
			buildActionMask = 2147483647;
			files = (
				F6D9D8C81D82F8AE00A63901 /* libsqlite3.0.tbd in Frameworks */,
			);
			runOnlyForDeploymentPostprocessing = 0;
		};
/* End PBXFrameworksBuildPhase section */

/* Begin PBXGroup section */
		F6D9D88B1D82F85E00A63901 = {
			isa = PBXGroup;
			children = (
				F6D9D8C71D82F8AE00A63901 /* libsqlite3.0.tbd */,
				F6D9D8961D82F85E00A63901 /* JWebTest */,
				F6D9D8951D82F85E00A63901 /* Products */,
			);
			sourceTree = "<group>";
		};
		F6D9D8951D82F85E00A63901 /* Products */ = {
			isa = PBXGroup;
			children = (
				F6D9D8941D82F85E00A63901 /* JWebTest.app */,
			);
			name = Products;
			sourceTree = "<group>";
		};
		F6D9D8961D82F85E00A63901 /* JWebTest */ = {
			isa = PBXGroup;
			children = (
				F6D9D8AE1D82F89C00A63901 /* DB */,
				F6D9D89A1D82F85E00A63901 /* AppDelegate.h */,
				F6D9D89B1D82F85E00A63901 /* AppDelegate.m */,
				F6D9D89D1D82F85E00A63901 /* ViewController.h */,
				F6D9D89E1D82F85E00A63901 /* ViewController.m */,
				F6D9D8A01D82F85E00A63901 /* Main.storyboard */,
				F6D9D8A31D82F85E00A63901 /* Assets.xcassets */,
				F6D9D8A51D82F85E00A63901 /* LaunchScreen.storyboard */,
				F6D9D8A81D82F85E00A63901 /* Info.plist */,
				F6D9D8971D82F85E00A63901 /* Supporting Files */,
				F6D9D8C91D82F8C700A63901 /* ItemList.h */,
				F6D9D8CA1D82F8C700A63901 /* ItemList.m */,
			);
			path = JWebTest;
			sourceTree = "<group>";
		};
		F6D9D8971D82F85E00A63901 /* Supporting Files */ = {
			isa = PBXGroup;
			children = (
				F6D9D8981D82F85E00A63901 /* main.m */,
			);
			name = "Supporting Files";
			sourceTree = "<group>";
		};
		F6D9D8AE1D82F89C00A63901 /* DB */ = {
			isa = PBXGroup;
			children = (
				F6D9D8AF1D82F89C00A63901 /* DBModel */,
				F6D9D8B41D82F89C00A63901 /* FMDB */,
				D758D39B1D8FD9F300A032C4 /* Test.h */,
				D758D39C1D8FD9F300A032C4 /* Test.m */,
			);
			path = DB;
			sourceTree = "<group>";
		};
		F6D9D8AF1D82F89C00A63901 /* DBModel */ = {
			isa = PBXGroup;
			children = (
				F6D9D8B01D82F89C00A63901 /* JKDBHelper.h */,
				F6D9D8B11D82F89C00A63901 /* JKDBHelper.m */,
				F6D9D8B21D82F89C00A63901 /* JKDBModel.h */,
				F6D9D8B31D82F89C00A63901 /* JKDBModel.m */,
			);
			path = DBModel;
			sourceTree = "<group>";
		};
		F6D9D8B41D82F89C00A63901 /* FMDB */ = {
			isa = PBXGroup;
			children = (
				F6D9D8B51D82F89C00A63901 /* FMDatabase.h */,
				F6D9D8B61D82F89C00A63901 /* FMDatabase.m */,
				F6D9D8B71D82F89C00A63901 /* FMDatabaseAdditions.h */,
				F6D9D8B81D82F89C00A63901 /* FMDatabaseAdditions.m */,
				F6D9D8B91D82F89C00A63901 /* FMDatabasePool.h */,
				F6D9D8BA1D82F89C00A63901 /* FMDatabasePool.m */,
				F6D9D8BB1D82F89C00A63901 /* FMDatabaseQueue.h */,
				F6D9D8BC1D82F89C00A63901 /* FMDatabaseQueue.m */,
				F6D9D8BD1D82F89C00A63901 /* FMDB.h */,
				F6D9D8BE1D82F89C00A63901 /* FMResultSet.h */,
				F6D9D8BF1D82F89C00A63901 /* FMResultSet.m */,
			);
			path = FMDB;
			sourceTree = "<group>";
		};
/* End PBXGroup section */

/* Begin PBXNativeTarget section */
		F6D9D8931D82F85E00A63901 /* JWebTest */ = {
			isa = PBXNativeTarget;
			buildConfigurationList = F6D9D8AB1D82F85E00A63901 /* Build configuration list for PBXNativeTarget "JWebTest" */;
			buildPhases = (
				F6D9D8901D82F85E00A63901 /* Sources */,
				F6D9D8911D82F85E00A63901 /* Frameworks */,
				F6D9D8921D82F85E00A63901 /* Resources */,
			);
			buildRules = (
			);
			dependencies = (
			);
			name = JWebTest;
			productName = JWebTest;
			productReference = F6D9D8941D82F85E00A63901 /* JWebTest.app */;
			productType = "com.apple.product-type.application";
		};
/* End PBXNativeTarget section */

/* Begin PBXProject section */
		F6D9D88C1D82F85E00A63901 /* Project object */ = {
			isa = PBXProject;
			attributes = {
				LastUpgradeCheck = 0730;
				ORGANIZATIONNAME = TongBinLi;
				TargetAttributes = {
					F6D9D8931D82F85E00A63901 = {
						CreatedOnToolsVersion = 7.3.1;
					};
				};
			};
			buildConfigurationList = F6D9D88F1D82F85E00A63901 /* Build configuration list for PBXProject "JWebTest" */;
			compatibilityVersion = "Xcode 3.2";
			developmentRegion = English;
			hasScannedForEncodings = 0;
			knownRegions = (
				en,
				Base,
			);
			mainGroup = F6D9D88B1D82F85E00A63901;
			productRefGroup = F6D9D8951D82F85E00A63901 /* Products */;
			projectDirPath = "";
			projectRoot = "";
			targets = (
				F6D9D8931D82F85E00A63901 /* JWebTest */,
			);
		};
/* End PBXProject section */

/* Begin PBXResourcesBuildPhase section */
		F6D9D8921D82F85E00A63901 /* Resources */ = {
			isa = PBXResourcesBuildPhase;
			buildActionMask = 2147483647;
			files = (
				F6D9D8A71D82F85E00A63901 /* LaunchScreen.storyboard in Resources */,
				F6D9D8A41D82F85E00A63901 /* Assets.xcassets in Resources */,
				F6D9D8A21D82F85E00A63901 /* Main.storyboard in Resources */,
			);
			runOnlyForDeploymentPostprocessing = 0;
		};
/* End PBXResourcesBuildPhase section */

/* Begin PBXSourcesBuildPhase section */
		F6D9D8901D82F85E00A63901 /* Sources */ = {
			isa = PBXSourcesBuildPhase;
			buildActionMask = 2147483647;
			files = (
				F6D9D8CB1D82F8C700A63901 /* ItemList.m in Sources */,
				F6D9D89F1D82F85E00A63901 /* ViewController.m in Sources */,
				F6D9D89C1D82F85E00A63901 /* AppDelegate.m in Sources */,
				F6D9D8C11D82F89C00A63901 /* JKDBModel.m in Sources */,
				F6D9D8C21D82F89C00A63901 /* FMDatabase.m in Sources */,
				F6D9D8C61D82F89C00A63901 /* FMResultSet.m in Sources */,
				F6D9D8C01D82F89C00A63901 /* JKDBHelper.m in Sources */,
				F6D9D8C41D82F89C00A63901 /* FMDatabasePool.m in Sources */,
				F6D9D8C31D82F89C00A63901 /* FMDatabaseAdditions.m in Sources */,
				D758D39D1D8FD9F300A032C4 /* Test.m in Sources */,
				F6D9D8991D82F85E00A63901 /* main.m in Sources */,
				F6D9D8C51D82F89C00A63901 /* FMDatabaseQueue.m in Sources */,
			);
			runOnlyForDeploymentPostprocessing = 0;
		};
/* End PBXSourcesBuildPhase section */

/* Begin PBXVariantGroup section */
		F6D9D8A01D82F85E00A63901 /* Main.storyboard */ = {
			isa = PBXVariantGroup;
			children = (
				F6D9D8A11D82F85E00A63901 /* Base */,
			);
			name = Main.storyboard;
			sourceTree = "<group>";
		};
		F6D9D8A51D82F85E00A63901 /* LaunchScreen.storyboard */ = {
			isa = PBXVariantGroup;
			children = (
				F6D9D8A61D82F85E00A63901 /* Base */,
			);
			name = LaunchScreen.storyboard;
			sourceTree = "<group>";
		};
/* End PBXVariantGroup section */

/* Begin XCBuildConfiguration section */
		F6D9D8A91D82F85E00A63901 /* Debug */ = {
			isa = XCBuildConfiguration;
			buildSettings = {
				ALWAYS_SEARCH_USER_PATHS = NO;
				CLANG_ANALYZER_NONNULL = YES;
				CLANG_CXX_LANGUAGE_STANDARD = "gnu++0x";
				CLANG_CXX_LIBRARY = "libc++";
				CLANG_ENABLE_MODULES = YES;
				CLANG_ENABLE_OBJC_ARC = YES;
				CLANG_WARN_BOOL_CONVERSION = YES;
				CLANG_WARN_CONSTANT_CONVERSION = YES;
				CLANG_WARN_DIRECT_OBJC_ISA_USAGE = YES_ERROR;
				CLANG_WARN_EMPTY_BODY = YES;
				CLANG_WARN_ENUM_CONVERSION = YES;
				CLANG_WARN_INT_CONVERSION = YES;
				CLANG_WARN_OBJC_ROOT_CLASS = YES_ERROR;
				CLANG_WARN_UNREACHABLE_CODE = YES;
				CLANG_WARN__DUPLICATE_METHOD_MATCH = YES;
				"CODE_SIGN_IDENTITY[sdk=iphoneos*]" = "iPhone Developer";
				COPY_PHASE_STRIP = NO;
				DEBUG_INFORMATION_FORMAT = dwarf;
				ENABLE_STRICT_OBJC_MSGSEND = YES;
				ENABLE_TESTABILITY = YES;
				GCC_C_LANGUAGE_STANDARD = gnu99;
				GCC_DYNAMIC_NO_PIC = NO;
				GCC_NO_COMMON_BLOCKS = YES;
				GCC_OPTIMIZATION_LEVEL = 0;
				GCC_PREPROCESSOR_DEFINITIONS = (
					"DEBUG=1",
					"$(inherited)",
				);
				GCC_WARN_64_TO_32_BIT_CONVERSION = YES;
				GCC_WARN_ABOUT_RETURN_TYPE = YES_ERROR;
				GCC_WARN_UNDECLARED_SELECTOR = YES;
				GCC_WARN_UNINITIALIZED_AUTOS = YES_AGGRESSIVE;
				GCC_WARN_UNUSED_FUNCTION = YES;
				GCC_WARN_UNUSED_VARIABLE = YES;
				IPHONEOS_DEPLOYMENT_TARGET = 9.3;
				MTL_ENABLE_DEBUG_INFO = YES;
				ONLY_ACTIVE_ARCH = YES;
				SDKROOT = iphoneos;
				TARGETED_DEVICE_FAMILY = "1,2";
			};
			name = Debug;
		};
		F6D9D8AA1D82F85E00A63901 /* Release */ = {
			isa = XCBuildConfiguration;
			buildSettings = {
				ALWAYS_SEARCH_USER_PATHS = NO;
				CLANG_ANALYZER_NONNULL = YES;
				CLANG_CXX_LANGUAGE_STANDARD = "gnu++0x";
				CLANG_CXX_LIBRARY = "libc++";
				CLANG_ENABLE_MODULES = YES;
				CLANG_ENABLE_OBJC_ARC = YES;
				CLANG_WARN_BOOL_CONVERSION = YES;
				CLANG_WARN_CONSTANT_CONVERSION = YES;
				CLANG_WARN_DIRECT_OBJC_ISA_USAGE = YES_ERROR;
				CLANG_WARN_EMPTY_BODY = YES;
				CLANG_WARN_ENUM_CONVERSION = YES;
				CLANG_WARN_INT_CONVERSION = YES;
				CLANG_WARN_OBJC_ROOT_CLASS = YES_ERROR;
				CLANG_WARN_UNREACHABLE_CODE = YES;
				CLANG_WARN__DUPLICATE_METHOD_MATCH = YES;
				"CODE_SIGN_IDENTITY[sdk=iphoneos*]" = "iPhone Developer";
				COPY_PHASE_STRIP = NO;
				DEBUG_INFORMATION_FORMAT = "dwarf-with-dsym";
				ENABLE_NS_ASSERTIONS = NO;
				ENABLE_STRICT_OBJC_MSGSEND = YES;
				GCC_C_LANGUAGE_STANDARD = gnu99;
				GCC_NO_COMMON_BLOCKS = YES;
				GCC_WARN_64_TO_32_BIT_CONVERSION = YES;
				GCC_WARN_ABOUT_RETURN_TYPE = YES_ERROR;
				GCC_WARN_UNDECLARED_SELECTOR = YES;
				GCC_WARN_UNINITIALIZED_AUTOS = YES_AGGRESSIVE;
				GCC_WARN_UNUSED_FUNCTION = YES;
				GCC_WARN_UNUSED_VARIABLE = YES;
				IPHONEOS_DEPLOYMENT_TARGET = 9.3;
				MTL_ENABLE_DEBUG_INFO = NO;
				SDKROOT = iphoneos;
				TARGETED_DEVICE_FAMILY = "1,2";
				VALIDATE_PRODUCT = YES;
			};
			name = Release;
		};
		F6D9D8AC1D82F85E00A63901 /* Debug */ = {
			isa = XCBuildConfiguration;
			buildSettings = {
				ASSETCATALOG_COMPILER_APPICON_NAME = AppIcon;
				INFOPLIST_FILE = JWebTest/Info.plist;
				LD_RUNPATH_SEARCH_PATHS = "$(inherited) @executable_path/Frameworks";
				PRODUCT_BUNDLE_IDENTIFIER = com.JWebTest;
				PRODUCT_NAME = "$(TARGET_NAME)";
			};
			name = Debug;
		};
		F6D9D8AD1D82F85E00A63901 /* Release */ = {
			isa = XCBuildConfiguration;
			buildSettings = {
				ASSETCATALOG_COMPILER_APPICON_NAME = AppIcon;
				INFOPLIST_FILE = JWebTest/Info.plist;
				LD_RUNPATH_SEARCH_PATHS = "$(inherited) @executable_path/Frameworks";
				PRODUCT_BUNDLE_IDENTIFIER = com.JWebTest;
				PRODUCT_NAME = "$(TARGET_NAME)";
			};
			name = Release;
		};
/* End XCBuildConfiguration section */

/* Begin XCConfigurationList section */
		F6D9D88F1D82F85E00A63901 /* Build configuration list for PBXProject "JWebTest" */ = {
			isa = XCConfigurationList;
			buildConfigurations = (
				F6D9D8A91D82F85E00A63901 /* Debug */,
				F6D9D8AA1D82F85E00A63901 /* Release */,
			);
			defaultConfigurationIsVisible = 0;
			defaultConfigurationName = Release;
		};
		F6D9D8AB1D82F85E00A63901 /* Build configuration list for PBXNativeTarget "JWebTest" */ = {
			isa = XCConfigurationList;
			buildConfigurations = (
				F6D9D8AC1D82F85E00A63901 /* Debug */,
				F6D9D8AD1D82F85E00A63901 /* Release */,
			);
			defaultConfigurationIsVisible = 0;
			defaultConfigurationName = Release;
		};
/* End XCConfigurationList section */
	};
	rootObject = F6D9D88C1D82F85E00A63901 /* Project object */;
}
